
Microsoft Visual Studio Solution File, Format Version 12.00
# Visual Studio Express 2012 for Windows Desktop
Project("{FAE04EC0-301F-11D3-BF4B-00C04F79EFBC}") = "NhLogAnalyzer", "NhLogAnalyzer\NhLogAnalyzer.csproj", "{09ACE8F5-E278-478A-8D97-56E3153716EB}"
EndProject
Project("{2150E333-8FDC-42A3-9474-1A3956D46DE8}") = ".nuget", ".nuget", "{973E1119-07E8-4CC2-AFBF-C23218FEB839}"
	ProjectSection(SolutionItems) = preProject
		.nuget\NuGet.Config = .nuget\NuGet.Config
		.nuget\NuGet.exe = .nuget\NuGet.exe
		.nuget\NuGet.targets = .nuget\NuGet.targets
	EndProjectSection
EndProject
Project("{FAE04EC0-301F-11D3-BF4B-00C04F79EFBC}") = "NhLogAnalyzer.UnitTests", "NhLogAnalyzer.UnitTests\NhLogAnalyzer.UnitTests.csproj", "{82DF83DB-F353-4848-8EEB-0C36D0498C52}"
EndProject
Global
	GlobalSection(SolutionConfigurationPlatforms) = preSolution
		Debug|Any CPU = Debug|Any CPU
		Release|Any CPU = Release|Any CPU
	EndGlobalSection
	GlobalSection(ProjectConfigurationPlatforms) = postSolution
		{09ACE8F5-E278-478A-8D97-56E3153716EB}.Debug|Any CPU.ActiveCfg = Debug|Any CPU
		{09ACE8F5-E278-478A-8D97-56E3153716EB}.Debug|Any CPU.Build.0 = Debug|Any CPU
		{09ACE8F5-E278-478A-8D97-56E3153716EB}.Release|Any CPU.ActiveCfg = Release|Any CPU
		{09ACE8F5-E278-478A-8D97-56E3153716EB}.Release|Any CPU.Build.0 = Release|Any CPU
		{82DF83DB-F353-4848-8EEB-0C36D0498C52}.Debug|Any CPU.ActiveCfg = Debug|Any CPU
		{82DF83DB-F353-4848-8EEB-0C36D0498C52}.Debug|Any CPU.Build.0 = Debug|Any CPU
		{82DF83DB-F353-4848-8EEB-0C36D0498C52}.Release|Any CPU.ActiveCfg = Release|Any CPU
		{82DF83DB-F353-4848-8EEB-0C36D0498C52}.Release|Any CPU.Build.0 = Release|Any CPU
	EndGlobalSection
	GlobalSection(SolutionProperties) = preSolution
		HideSolutionNode = FALSE
	EndGlobalSection
EndGlobal
